version = 1
requires-python = "==3.13.0"

[[package]]
name = "brotli"
version = "1.1.0"
source = { registry = "https://pypi.org/simple" }
sdist = { url = "https://files.pythonhosted.org/packages/2f/c2/f9e977608bdf958650638c3f1e28f85a1b075f075ebbe77db8555463787b/Brotli-1.1.0.tar.gz", hash = "sha256:81de08ac11bcb85841e440c13611c00b67d3bf82698314928d0b676362546724", size = 7372270 }
wheels = [
    { url = "https://files.pythonhosted.org/packages/0a/9f/fb37bb8ffc52a8da37b1c03c459a8cd55df7a57bdccd8831d500e994a0ca/Brotli-1.1.0-cp313-cp313-macosx_10_13_universal2.whl", hash = "sha256:8bf32b98b75c13ec7cf774164172683d6e7891088f6316e54425fde1efc276d5", size = 815681 },
    { url = "https://files.pythonhosted.org/packages/06/b3/dbd332a988586fefb0aa49c779f59f47cae76855c2d00f450364bb574cac/Brotli-1.1.0-cp313-cp313-macosx_10_13_x86_64.whl", hash = "sha256:7bc37c4d6b87fb1017ea28c9508b36bbcb0c3d18b4260fcdf08b200c74a6aee8", size = 422475 },
    { url = "https://files.pythonhosted.org/packages/bb/80/6aaddc2f63dbcf2d93c2d204e49c11a9ec93a8c7c63261e2b4bd35198283/Brotli-1.1.0-cp313-cp313-manylinux_2_17_aarch64.manylinux2014_aarch64.whl", hash = "sha256:3c0ef38c7a7014ffac184db9e04debe495d317cc9c6fb10071f7fefd93100a4f", size = 2906173 },
    { url = "https://files.pythonhosted.org/packages/ea/1d/e6ca79c96ff5b641df6097d299347507d39a9604bde8915e76bf026d6c77/Brotli-1.1.0-cp313-cp313-manylinux_2_17_ppc64le.manylinux2014_ppc64le.whl", hash = "sha256:91d7cc2a76b5567591d12c01f019dd7afce6ba8cba6571187e21e2fc418ae648", size = 2943803 },
    { url = "https://files.pythonhosted.org/packages/ac/a3/d98d2472e0130b7dd3acdbb7f390d478123dbf62b7d32bda5c830a96116d/Brotli-1.1.0-cp313-cp313-manylinux_2_17_x86_64.manylinux2014_x86_64.whl", hash = "sha256:a93dde851926f4f2678e704fadeb39e16c35d8baebd5252c9fd94ce8ce68c4a0", size = 2918946 },
    { url = "https://files.pythonhosted.org/packages/c4/a5/c69e6d272aee3e1423ed005d8915a7eaa0384c7de503da987f2d224d0721/Brotli-1.1.0-cp313-cp313-manylinux_2_5_i686.manylinux1_i686.manylinux_2_17_i686.manylinux2014_i686.whl", hash = "sha256:f0db75f47be8b8abc8d9e31bc7aad0547ca26f24a54e6fd10231d623f183d089", size = 2845707 },
    { url = "https://files.pythonhosted.org/packages/58/9f/4149d38b52725afa39067350696c09526de0125ebfbaab5acc5af28b42ea/Brotli-1.1.0-cp313-cp313-musllinux_1_2_aarch64.whl", hash = "sha256:6967ced6730aed543b8673008b5a391c3b1076d834ca438bbd70635c73775368", size = 2936231 },
    { url = "https://files.pythonhosted.org/packages/5a/5a/145de884285611838a16bebfdb060c231c52b8f84dfbe52b852a15780386/Brotli-1.1.0-cp313-cp313-musllinux_1_2_i686.whl", hash = "sha256:7eedaa5d036d9336c95915035fb57422054014ebdeb6f3b42eac809928e40d0c", size = 2848157 },
    { url = "https://files.pythonhosted.org/packages/50/ae/408b6bfb8525dadebd3b3dd5b19d631da4f7d46420321db44cd99dcf2f2c/Brotli-1.1.0-cp313-cp313-musllinux_1_2_ppc64le.whl", hash = "sha256:d487f5432bf35b60ed625d7e1b448e2dc855422e87469e3f450aa5552b0eb284", size = 3035122 },
    { url = "https://files.pythonhosted.org/packages/af/85/a94e5cfaa0ca449d8f91c3d6f78313ebf919a0dbd55a100c711c6e9655bc/Brotli-1.1.0-cp313-cp313-musllinux_1_2_x86_64.whl", hash = "sha256:832436e59afb93e1836081a20f324cb185836c617659b07b129141a8426973c7", size = 2930206 },
    { url = "https://files.pythonhosted.org/packages/c2/f0/a61d9262cd01351df22e57ad7c34f66794709acab13f34be2675f45bf89d/Brotli-1.1.0-cp313-cp313-win32.whl", hash = "sha256:43395e90523f9c23a3d5bdf004733246fba087f2948f87ab28015f12359ca6a0", size = 333804 },
    { url = "https://files.pythonhosted.org/packages/7e/c1/ec214e9c94000d1c1974ec67ced1c970c148aa6b8d8373066123fc3dbf06/Brotli-1.1.0-cp313-cp313-win_amd64.whl", hash = "sha256:9011560a466d2eb3f5a6e4929cf4a09be405c64154e12df0dd72713f6500e32b", size = 358517 },
]

[[package]]
name = "container"
version = "0.0.0"
source = { virtual = "." }
dependencies = [
    { name = "brotli" },
    { name = "fonttools" },
    { name = "lxml" },
    { name = "uharfbuzz" },
    { name = "unicodedata2" },
    { name = "zopfli" },
]

[package.metadata]
requires-dist = [
    { name = "brotli", specifier = "==1.1.0" },
    { name = "fonttools", specifier = "==4.55.7" },
    { name = "lxml", specifier = "==5.3.0" },
    { name = "uharfbuzz", specifier = "==0.43.0" },
    { name = "unicodedata2", specifier = "==15.1.0" },
    { name = "zopfli", specifier = "==0.2.3.post1" },
]

[[package]]
name = "fonttools"
version = "4.55.7"
source = { registry = "https://pypi.org/simple" }
sdist = { url = "https://files.pythonhosted.org/packages/55/55/3b1566c6186a5e58a17a19ad63195f87c6ca4039ef10ff5318a1b9fc5639/fonttools-4.55.7.tar.gz", hash = "sha256:6899e3d97225a8218f525e9754da0376e1c62953a0d57a76c5abaada51e0d140", size = 3458372 }
wheels = [
    { url = "https://files.pythonhosted.org/packages/63/19/6d2f97d52a3355b713d01854f35c01d712489af6b764432697c76dc042f8/fonttools-4.55.7-cp313-cp313-macosx_10_13_universal2.whl", hash = "sha256:e10c7fb80cdfdc32244514cbea0906e9f53e3cc80d64d3389da09502fd999b55", size = 2734996 },
    { url = "https://files.pythonhosted.org/packages/48/28/1f5753fb43eb9ee3919027d1f8de52ea19698083a17ff4013e636b2d82fb/fonttools-4.55.7-cp313-cp313-macosx_10_13_x86_64.whl", hash = "sha256:1101976c703ff4008a928fc3fef42caf06d035bfc4614230d7e797cbe356feb0", size = 2272393 },
    { url = "https://files.pythonhosted.org/packages/f1/2f/0a1cd55dac0ec49e42c9a03a56114ae863bc3b652e2f40743151c45b1569/fonttools-4.55.7-cp313-cp313-manylinux_2_17_aarch64.manylinux2014_aarch64.whl", hash = "sha256:2e6dffe9cbcd163ef617fab1f81682e4d1629b7a5b9c5e598274dc2d03e88bcd", size = 4762292 },
    { url = "https://files.pythonhosted.org/packages/7d/59/30c3842759e051fc100d3fc2f9722cf9b3d1db7b1fa803c7237fd2f552fc/fonttools-4.55.7-cp313-cp313-manylinux_2_5_x86_64.manylinux1_x86_64.manylinux_2_17_x86_64.manylinux2014_x86_64.whl", hash = "sha256:77e5115a425d53be6e31cd0fe9210f62a488bccf81eb113ab5dd7f4fa88e4d81", size = 4834310 },
    { url = "https://files.pythonhosted.org/packages/a5/10/91a9e18315116bff26c4e96abcfbdb279b147fe54e55772b119dce5d8963/fonttools-4.55.7-cp313-cp313-musllinux_1_2_aarch64.whl", hash = "sha256:f0c45eae32d090763820756b18322a70571dada3f1cbe003debc37a9c35bc260", size = 4742671 },
    { url = "https://files.pythonhosted.org/packages/b0/6c/117aac028ad47ac375033e6113930a096db685461cbd28909d3a246b1191/fonttools-4.55.7-cp313-cp313-musllinux_1_2_x86_64.whl", hash = "sha256:fd4ebc475d43f3de2b26e0cf551eff92c24e22d1aee03dc1b33adb52fc2e6cb2", size = 4963611 },
    { url = "https://files.pythonhosted.org/packages/06/28/47518cf6f69ac07184c6d61d1ef663e22b871d549d7f2b97b08bd104859b/fonttools-4.55.7-cp313-cp313-win32.whl", hash = "sha256:371197de1283cc99f5f10eb91496520eb0e2d079312d014fd6cef9e802174c6a", size = 2140803 },
    { url = "https://files.pythonhosted.org/packages/a4/9d/df15fc73e33b30eaa3c1b1304952d7b0b6a64e0b10dc4778b65b46506d38/fonttools-4.55.7-cp313-cp313-win_amd64.whl", hash = "sha256:418ece624fbc04e199f58398ffef3eaad645baba65434871b09eb7350a3a346b", size = 2186591 },
    { url = "https://files.pythonhosted.org/packages/7b/6d/304a16caf63a8c193ec387b1fae1cb10072a59d34549f2eefe7e3fa9f364/fonttools-4.55.7-py3-none-any.whl", hash = "sha256:3304dfcf9ca204dd0ef691a287bd851ddd8e8250108658c0677c3fdfec853a20", size = 1089677 },
]

[[package]]
name = "lxml"
version = "5.3.0"
source = { registry = "https://pypi.org/simple" }
sdist = { url = "https://files.pythonhosted.org/packages/e7/6b/20c3a4b24751377aaa6307eb230b66701024012c29dd374999cc92983269/lxml-5.3.0.tar.gz", hash = "sha256:4e109ca30d1edec1ac60cdbe341905dc3b8f55b16855e03a54aaf59e51ec8c6f", size = 3679318 }
wheels = [
    { url = "https://files.pythonhosted.org/packages/94/6a/42141e4d373903bfea6f8e94b2f554d05506dfda522ada5343c651410dc8/lxml-5.3.0-cp313-cp313-macosx_10_13_universal2.whl", hash = "sha256:8c72e9563347c7395910de6a3100a4840a75a6f60e05af5e58566868d5eb2d6a", size = 8156284 },
    { url = "https://files.pythonhosted.org/packages/91/5e/fa097f0f7d8b3d113fb7312c6308af702f2667f22644441715be961f2c7e/lxml-5.3.0-cp313-cp313-macosx_10_13_x86_64.whl", hash = "sha256:e92ce66cd919d18d14b3856906a61d3f6b6a8500e0794142338da644260595cd", size = 4432407 },
    { url = "https://files.pythonhosted.org/packages/2d/a1/b901988aa6d4ff937f2e5cfc114e4ec561901ff00660c3e56713642728da/lxml-5.3.0-cp313-cp313-manylinux_2_12_i686.manylinux2010_i686.manylinux_2_17_i686.manylinux2014_i686.whl", hash = "sha256:1d04f064bebdfef9240478f7a779e8c5dc32b8b7b0b2fc6a62e39b928d428e51", size = 5048331 },
    { url = "https://files.pythonhosted.org/packages/30/0f/b2a54f48e52de578b71bbe2a2f8160672a8a5e103df3a78da53907e8c7ed/lxml-5.3.0-cp313-cp313-manylinux_2_17_aarch64.manylinux2014_aarch64.whl", hash = "sha256:5c2fb570d7823c2bbaf8b419ba6e5662137f8166e364a8b2b91051a1fb40ab8b", size = 4744835 },
    { url = "https://files.pythonhosted.org/packages/82/9d/b000c15538b60934589e83826ecbc437a1586488d7c13f8ee5ff1f79a9b8/lxml-5.3.0-cp313-cp313-manylinux_2_17_ppc64le.manylinux2014_ppc64le.whl", hash = "sha256:0c120f43553ec759f8de1fee2f4794452b0946773299d44c36bfe18e83caf002", size = 5316649 },
    { url = "https://files.pythonhosted.org/packages/e3/ee/ffbb9eaff5e541922611d2c56b175c45893d1c0b8b11e5a497708a6a3b3b/lxml-5.3.0-cp313-cp313-manylinux_2_17_s390x.manylinux2014_s390x.whl", hash = "sha256:562e7494778a69086f0312ec9689f6b6ac1c6b65670ed7d0267e49f57ffa08c4", size = 4812046 },
    { url = "https://files.pythonhosted.org/packages/15/ff/7ff89d567485c7b943cdac316087f16b2399a8b997007ed352a1248397e5/lxml-5.3.0-cp313-cp313-manylinux_2_17_x86_64.manylinux2014_x86_64.whl", hash = "sha256:423b121f7e6fa514ba0c7918e56955a1d4470ed35faa03e3d9f0e3baa4c7e492", size = 4918597 },
    { url = "https://files.pythonhosted.org/packages/c6/a3/535b6ed8c048412ff51268bdf4bf1cf052a37aa7e31d2e6518038a883b29/lxml-5.3.0-cp313-cp313-manylinux_2_28_aarch64.whl", hash = "sha256:c00f323cc00576df6165cc9d21a4c21285fa6b9989c5c39830c3903dc4303ef3", size = 4738071 },
    { url = "https://files.pythonhosted.org/packages/7a/8f/cbbfa59cb4d4fd677fe183725a76d8c956495d7a3c7f111ab8f5e13d2e83/lxml-5.3.0-cp313-cp313-manylinux_2_28_ppc64le.whl", hash = "sha256:1fdc9fae8dd4c763e8a31e7630afef517eab9f5d5d31a278df087f307bf601f4", size = 5342213 },
    { url = "https://files.pythonhosted.org/packages/5c/fb/db4c10dd9958d4b52e34d1d1f7c1f434422aeaf6ae2bbaaff2264351d944/lxml-5.3.0-cp313-cp313-manylinux_2_28_s390x.whl", hash = "sha256:658f2aa69d31e09699705949b5fc4719cbecbd4a97f9656a232e7d6c7be1a367", size = 4893749 },
    { url = "https://files.pythonhosted.org/packages/f2/38/bb4581c143957c47740de18a3281a0cab7722390a77cc6e610e8ebf2d736/lxml-5.3.0-cp313-cp313-manylinux_2_28_x86_64.whl", hash = "sha256:1473427aff3d66a3fa2199004c3e601e6c4500ab86696edffdbc84954c72d832", size = 4945901 },
    { url = "https://files.pythonhosted.org/packages/fc/d5/18b7de4960c731e98037bd48fa9f8e6e8f2558e6fbca4303d9b14d21ef3b/lxml-5.3.0-cp313-cp313-musllinux_1_2_aarch64.whl", hash = "sha256:a87de7dd873bf9a792bf1e58b1c3887b9264036629a5bf2d2e6579fe8e73edff", size = 4815447 },
    { url = "https://files.pythonhosted.org/packages/97/a8/cd51ceaad6eb849246559a8ef60ae55065a3df550fc5fcd27014361c1bab/lxml-5.3.0-cp313-cp313-musllinux_1_2_ppc64le.whl", hash = "sha256:0d7b36afa46c97875303a94e8f3ad932bf78bace9e18e603f2085b652422edcd", size = 5411186 },
    { url = "https://files.pythonhosted.org/packages/89/c3/1e3dabab519481ed7b1fdcba21dcfb8832f57000733ef0e71cf6d09a5e03/lxml-5.3.0-cp313-cp313-musllinux_1_2_s390x.whl", hash = "sha256:cf120cce539453ae086eacc0130a324e7026113510efa83ab42ef3fcfccac7fb", size = 5324481 },
    { url = "https://files.pythonhosted.org/packages/b6/17/71e9984cf0570cd202ac0a1c9ed5c1b8889b0fc8dc736f5ef0ffb181c284/lxml-5.3.0-cp313-cp313-musllinux_1_2_x86_64.whl", hash = "sha256:df5c7333167b9674aa8ae1d4008fa4bc17a313cc490b2cca27838bbdcc6bb15b", size = 5011053 },
    { url = "https://files.pythonhosted.org/packages/69/68/9f7e6d3312a91e30829368c2b3217e750adef12a6f8eb10498249f4e8d72/lxml-5.3.0-cp313-cp313-win32.whl", hash = "sha256:c802e1c2ed9f0c06a65bc4ed0189d000ada8049312cfeab6ca635e39c9608957", size = 3485634 },
    { url = "https://files.pythonhosted.org/packages/7d/db/214290d58ad68c587bd5d6af3d34e56830438733d0d0856c0275fde43652/lxml-5.3.0-cp313-cp313-win_amd64.whl", hash = "sha256:406246b96d552e0503e17a1006fd27edac678b3fcc9f1be71a2f94b4ff61528d", size = 3814417 },
]

[[package]]
name = "uharfbuzz"
version = "0.43.0"
source = { registry = "https://pypi.org/simple" }
sdist = { url = "https://files.pythonhosted.org/packages/f0/82/b8cbf5785297742a83bd1efb354f9d1c222d7aecd4bfb972bf5214510a1b/uharfbuzz-0.43.0.tar.gz", hash = "sha256:4b82fdc154331fc6a3e39769a06c667d6b07c48e34dfcdc1e81ec1ca42c39ed4", size = 1541789 }
wheels = [
    { url = "https://files.pythonhosted.org/packages/95/3f/b6ddf39ab4a6edb2e24a1b689f8e992b93b029a3d546736087bfac4ea9ae/uharfbuzz-0.43.0-cp313-cp313-macosx_10_13_universal2.whl", hash = "sha256:769e809febf1c97f95ba0d6e9f943da7f9a513f8ec12d34096866764189f5051", size = 2885535 },
    { url = "https://files.pythonhosted.org/packages/93/c9/c1d6bd1657f124f73f99441848647a68ed6ccbc081e3e7e826fc67304b76/uharfbuzz-0.43.0-cp313-cp313-macosx_10_13_x86_64.whl", hash = "sha256:8ea946b5b4100e9e1198847e2513d6107b116640e8109adbe6217d6d401ccfc2", size = 1504203 },
    { url = "https://files.pythonhosted.org/packages/f8/ff/5bbfbdd43819a6c590139c044fe3021ba97fd73b2be0cee6f81226dbb2cc/uharfbuzz-0.43.0-cp313-cp313-macosx_11_0_arm64.whl", hash = "sha256:54d23e482d75296f79e5a4a3d0e6b122eb1d3f37997d60876f09d2dc9dc4f53c", size = 1389571 },
    { url = "https://files.pythonhosted.org/packages/de/a7/094bd76606746ac233a4b11194de4c91b1818a76f8da1d7b31148d17fff0/uharfbuzz-0.43.0-cp313-cp313-manylinux_2_17_x86_64.manylinux2014_x86_64.whl", hash = "sha256:2806ca7008f8aaebcda5695ab94f9a19e6d31b199af9bb4ffe269bb119e58685", size = 14893258 },
    { url = "https://files.pythonhosted.org/packages/19/89/4e211512be3d523fd3e2f7e5bc07af206e13fe13ad95ed88e2a2901f455c/uharfbuzz-0.43.0-cp313-cp313-musllinux_1_2_x86_64.whl", hash = "sha256:04f8a3fbc5c7b432b1b662a98d44da85325aa41d0bd33a6df12cae099d535a89", size = 15387896 },
    { url = "https://files.pythonhosted.org/packages/9d/a3/0a8c62ffcdf6bf7e94e4f02026bddc48721288e8f6c75f64f765e4c63cac/uharfbuzz-0.43.0-cp313-cp313-win32.whl", hash = "sha256:e75e4653f52811e732d4918c80353e3818dbee484c88bd5d5234a9adbc634812", size = 982306 },
    { url = "https://files.pythonhosted.org/packages/3b/75/50e81baec9552b5e2b0a186bef5b4cb0a7d75425215ef269985572b4ced8/uharfbuzz-0.43.0-cp313-cp313-win_amd64.whl", hash = "sha256:9fdcc4c1e67be5697957a0168cc574cb9d2a93dc728f229f6faeb60b4a74c5f3", size = 1226039 },
]

[[package]]
name = "unicodedata2"
version = "15.1.0"
source = { registry = "https://pypi.org/simple" }
sdist = { url = "https://files.pythonhosted.org/packages/7f/35/12c70556a27ad6196135ddb37030d1a989234ef41f05995a166297651a49/unicodedata2-15.1.0.tar.gz", hash = "sha256:cb30f189ad66482f8529a45da71b2a8841e9bd2bb376cc2933003a4a55a07648", size = 592892 }

[[package]]
name = "zopfli"
version = "0.2.3.post1"
source = { registry = "https://pypi.org/simple" }
sdist = { url = "https://files.pythonhosted.org/packages/5e/7c/a8f6696e694709e2abcbccd27d05ef761e9b6efae217e11d977471555b62/zopfli-0.2.3.post1.tar.gz", hash = "sha256:96484dc0f48be1c5d7ae9f38ed1ce41e3675fd506b27c11a6607f14b49101e99", size = 175629 }
wheels = [
    { url = "https://files.pythonhosted.org/packages/2b/24/0e552e2efce9a20625b56e9609d1e33c2966be33fc008681121ec267daec/zopfli-0.2.3.post1-cp313-cp313-macosx_10_13_universal2.whl", hash = "sha256:ecb7572df5372abce8073df078207d9d1749f20b8b136089916a4a0868d56051", size = 295485 },
    { url = "https://files.pythonhosted.org/packages/08/83/b2564369fb98797a617fe2796097b1d719a4937234375757ad2a3febc04b/zopfli-0.2.3.post1-cp313-cp313-macosx_10_13_x86_64.whl", hash = "sha256:a1cf720896d2ce998bc8e051d4b4ce0d8bec007aab6243102e8e1d22a0b2fb3f", size = 163000 },
    { url = "https://files.pythonhosted.org/packages/3c/55/81d419739c2aab35e19b58bce5498dcb58e6446e5eb69f2d3c748b1c9151/zopfli-0.2.3.post1-cp313-cp313-manylinux_2_12_i686.manylinux2010_i686.manylinux_2_17_i686.manylinux2014_i686.whl", hash = "sha256:5aad740b4d4fcbaaae4887823925166ffd062db3b248b3f432198fc287381d1a", size = 823699 },
    { url = "https://files.pythonhosted.org/packages/9e/91/89f07c8ea3c9bc64099b3461627b07a8384302235ee0f357eaa86f98f509/zopfli-0.2.3.post1-cp313-cp313-manylinux_2_17_aarch64.manylinux2014_aarch64.whl", hash = "sha256:6617fb10f9e4393b331941861d73afb119cd847e88e4974bdbe8068ceef3f73f", size = 826612 },
    { url = "https://files.pythonhosted.org/packages/41/31/46670fc0c7805d42bc89702440fa9b73491d68abbc39e28d687180755178/zopfli-0.2.3.post1-cp313-cp313-manylinux_2_17_x86_64.manylinux2014_x86_64.whl", hash = "sha256:a53b18797cdef27e019db595d66c4b077325afe2fd62145953275f53d84ce40c", size = 851148 },
    { url = "https://files.pythonhosted.org/packages/22/00/71ad39277bbb88f9fd20fb786bd3ff2ea4025c53b31652a0da796fb546cd/zopfli-0.2.3.post1-cp313-cp313-musllinux_1_2_aarch64.whl", hash = "sha256:b78008a69300d929ca2efeffec951b64a312e9a811e265ea4a907ab546d79fa6", size = 1754215 },
    { url = "https://files.pythonhosted.org/packages/d0/4e/e542c508d20c3dfbef1b90fcf726f824f505e725747f777b0b7b7d1deb95/zopfli-0.2.3.post1-cp313-cp313-musllinux_1_2_i686.whl", hash = "sha256:0aa5f90d6298bda02a95bc8dc8c3c19004d5a4e44bda00b67ca7431d857b4b54", size = 1905988 },
    { url = "https://files.pythonhosted.org/packages/ba/a5/817ac1ecc888723e91dc172e8c6eeab9f48a1e52285803b965084e11bbd5/zopfli-0.2.3.post1-cp313-cp313-musllinux_1_2_x86_64.whl", hash = "sha256:2768c877f76c8a0e7519b1c86c93757f3c01492ddde55751e9988afb7eff64e1", size = 1835907 },
    { url = "https://files.pythonhosted.org/packages/cd/35/2525f90c972d8aafc39784a8c00244eeee8e8221b26cbc576748ee9dc1cd/zopfli-0.2.3.post1-cp313-cp313-win32.whl", hash = "sha256:71390dbd3fbf6ebea9a5d85ffed8c26ee1453ee09248e9b88486e30e0397b775", size = 82742 },
    { url = "https://files.pythonhosted.org/packages/2f/c6/49b27570923956d52d37363e8f5df3a31a61bd7719bb8718527a9df3ae5f/zopfli-0.2.3.post1-cp313-cp313-win_amd64.whl", hash = "sha256:a86eb88e06bd87e1fff31dac878965c26b0c26db59ddcf78bb0379a954b120de", size = 99408 },
]
