version = 1
requires-python = "==3.13"

[[package]]
name = "brotli"
version = "1.1.0"
source = { registry = "https://pypi.org/simple" }
sdist = { url = "https://files.pythonhosted.org/packages/2f/c2/f9e977608bdf958650638c3f1e28f85a1b075f075ebbe77db8555463787b/Brotli-1.1.0.tar.gz", hash = "sha256:81de08ac11bcb85841e440c13611c00b67d3bf82698314928d0b676362546724", size = 7372270 }
wheels = [
    { url = "https://files.pythonhosted.org/packages/0a/9f/fb37bb8ffc52a8da37b1c03c459a8cd55df7a57bdccd8831d500e994a0ca/Brotli-1.1.0-cp313-cp313-macosx_10_13_universal2.whl", hash = "sha256:8bf32b98b75c13ec7cf774164172683d6e7891088f6316e54425fde1efc276d5", size = 815681 },
    { url = "https://files.pythonhosted.org/packages/06/b3/dbd332a988586fefb0aa49c779f59f47cae76855c2d00f450364bb574cac/Brotli-1.1.0-cp313-cp313-macosx_10_13_x86_64.whl", hash = "sha256:7bc37c4d6b87fb1017ea28c9508b36bbcb0c3d18b4260fcdf08b200c74a6aee8", size = 422475 },
    { url = "https://files.pythonhosted.org/packages/bb/80/6aaddc2f63dbcf2d93c2d204e49c11a9ec93a8c7c63261e2b4bd35198283/Brotli-1.1.0-cp313-cp313-manylinux_2_17_aarch64.manylinux2014_aarch64.whl", hash = "sha256:3c0ef38c7a7014ffac184db9e04debe495d317cc9c6fb10071f7fefd93100a4f", size = 2906173 },
    { url = "https://files.pythonhosted.org/packages/ea/1d/e6ca79c96ff5b641df6097d299347507d39a9604bde8915e76bf026d6c77/Brotli-1.1.0-cp313-cp313-manylinux_2_17_ppc64le.manylinux2014_ppc64le.whl", hash = "sha256:91d7cc2a76b5567591d12c01f019dd7afce6ba8cba6571187e21e2fc418ae648", size = 2943803 },
    { url = "https://files.pythonhosted.org/packages/ac/a3/d98d2472e0130b7dd3acdbb7f390d478123dbf62b7d32bda5c830a96116d/Brotli-1.1.0-cp313-cp313-manylinux_2_17_x86_64.manylinux2014_x86_64.whl", hash = "sha256:a93dde851926f4f2678e704fadeb39e16c35d8baebd5252c9fd94ce8ce68c4a0", size = 2918946 },
    { url = "https://files.pythonhosted.org/packages/c4/a5/c69e6d272aee3e1423ed005d8915a7eaa0384c7de503da987f2d224d0721/Brotli-1.1.0-cp313-cp313-manylinux_2_5_i686.manylinux1_i686.manylinux_2_17_i686.manylinux2014_i686.whl", hash = "sha256:f0db75f47be8b8abc8d9e31bc7aad0547ca26f24a54e6fd10231d623f183d089", size = 2845707 },
    { url = "https://files.pythonhosted.org/packages/58/9f/4149d38b52725afa39067350696c09526de0125ebfbaab5acc5af28b42ea/Brotli-1.1.0-cp313-cp313-musllinux_1_2_aarch64.whl", hash = "sha256:6967ced6730aed543b8673008b5a391c3b1076d834ca438bbd70635c73775368", size = 2936231 },
    { url = "https://files.pythonhosted.org/packages/5a/5a/145de884285611838a16bebfdb060c231c52b8f84dfbe52b852a15780386/Brotli-1.1.0-cp313-cp313-musllinux_1_2_i686.whl", hash = "sha256:7eedaa5d036d9336c95915035fb57422054014ebdeb6f3b42eac809928e40d0c", size = 2848157 },
    { url = "https://files.pythonhosted.org/packages/50/ae/408b6bfb8525dadebd3b3dd5b19d631da4f7d46420321db44cd99dcf2f2c/Brotli-1.1.0-cp313-cp313-musllinux_1_2_ppc64le.whl", hash = "sha256:d487f5432bf35b60ed625d7e1b448e2dc855422e87469e3f450aa5552b0eb284", size = 3035122 },
    { url = "https://files.pythonhosted.org/packages/af/85/a94e5cfaa0ca449d8f91c3d6f78313ebf919a0dbd55a100c711c6e9655bc/Brotli-1.1.0-cp313-cp313-musllinux_1_2_x86_64.whl", hash = "sha256:832436e59afb93e1836081a20f324cb185836c617659b07b129141a8426973c7", size = 2930206 },
    { url = "https://files.pythonhosted.org/packages/c2/f0/a61d9262cd01351df22e57ad7c34f66794709acab13f34be2675f45bf89d/Brotli-1.1.0-cp313-cp313-win32.whl", hash = "sha256:43395e90523f9c23a3d5bdf004733246fba087f2948f87ab28015f12359ca6a0", size = 333804 },
    { url = "https://files.pythonhosted.org/packages/7e/c1/ec214e9c94000d1c1974ec67ced1c970c148aa6b8d8373066123fc3dbf06/Brotli-1.1.0-cp313-cp313-win_amd64.whl", hash = "sha256:9011560a466d2eb3f5a6e4929cf4a09be405c64154e12df0dd72713f6500e32b", size = 358517 },
]

[[package]]
name = "container"
version = "0.0.0"
source = { virtual = "." }
dependencies = [
    { name = "brotli" },
    { name = "fonttools" },
    { name = "lxml" },
    { name = "uharfbuzz" },
    { name = "unicodedata2" },
    { name = "zopfli" },
]

[package.metadata]
requires-dist = [
    { name = "brotli", specifier = "==1.1.0" },
    { name = "fonttools", specifier = "==4.50.0" },
    { name = "lxml", specifier = "==5.2.0" },
    { name = "uharfbuzz", specifier = "==0.39.1" },
    { name = "unicodedata2", specifier = "==15.1.0" },
    { name = "zopfli", specifier = "==0.2.3" },
]

[[package]]
name = "fonttools"
version = "4.50.0"
source = { registry = "https://pypi.org/simple" }
sdist = { url = "https://files.pythonhosted.org/packages/67/ac/d7bf44ce57ff5770c267e63cff003cfd5ee43dc49abf677f8b7067fbd3fb/fonttools-4.50.0.tar.gz", hash = "sha256:fa5cf61058c7dbb104c2ac4e782bf1b2016a8cf2f69de6e4dd6a865d2c969bb5", size = 3423529 }
wheels = [
    { url = "https://files.pythonhosted.org/packages/be/da/fca4d8cc9d446d1b85c19050638a453a277f5a739d7a474121d943864537/fonttools-4.50.0-py3-none-any.whl", hash = "sha256:48fa36da06247aa8282766cfd63efff1bb24e55f020f29a335939ed3844d20d3", size = 1069911 },
]

[[package]]
name = "lxml"
version = "5.2.0"
source = { registry = "https://pypi.org/simple" }
sdist = { url = "https://files.pythonhosted.org/packages/70/ec/b14f525777646d9cdccb573cbfeb5f72682089892c826c60f054e7ddd110/lxml-5.2.0.tar.gz", hash = "sha256:21dc490cdb33047bc7f7ad76384f3366fa8f5146b86cc04c4af45de901393b90", size = 3675580 }

[[package]]
name = "uharfbuzz"
version = "0.39.1"
source = { registry = "https://pypi.org/simple" }
sdist = { url = "https://files.pythonhosted.org/packages/40/20/0d8066895bd262f8b85e4148c5ff467826d9facea36a5e4e25f883756e2f/uharfbuzz-0.39.1.zip", hash = "sha256:68c341f7cc9e43418b2db295eb679ed6dc638d58c11cf279d9bd28ce8a3ade06", size = 1855858 }

[[package]]
name = "unicodedata2"
version = "15.1.0"
source = { registry = "https://pypi.org/simple" }
sdist = { url = "https://files.pythonhosted.org/packages/7f/35/12c70556a27ad6196135ddb37030d1a989234ef41f05995a166297651a49/unicodedata2-15.1.0.tar.gz", hash = "sha256:cb30f189ad66482f8529a45da71b2a8841e9bd2bb376cc2933003a4a55a07648", size = 592892 }

[[package]]
name = "zopfli"
version = "0.2.3"
source = { registry = "https://pypi.org/simple" }
sdist = { url = "https://files.pythonhosted.org/packages/92/d8/71230eb25ede499401a9a39ddf66fab4e4dab149bf75ed2ecea51a662d9e/zopfli-0.2.3.zip", hash = "sha256:dbc9841bedd736041eb5e6982cd92da93bee145745f5422f3795f6f258cdc6ef", size = 205354 }
